
Microsoft Visual Studio Solution File, Format Version 12.00
Project("{FAE04EC0-301F-11D3-BF4B-00C04F79EFBC}") = "Lab1", "Lab1\Lab1.csproj", "{BF6D5014-C6B5-4CE3-B9DE-935FA4068113}"
EndProject
Project("{FAE04EC0-301F-11D3-BF4B-00C04F79EFBC}") = "Lab2", "Lab2\Lab2.csproj", "{65BCAB07-BFDD-4250-BBCC-AC4F22A7071A}"
EndProject
Project("{FAE04EC0-301F-11D3-BF4B-00C04F79EFBC}") = "Lab3", "Lab3\Lab3.csproj", "{67C43283-F8DA-4BC1-B83E-A2A16C8B5663}"
EndProject
Global
	GlobalSection(SolutionConfigurationPlatforms) = preSolution
		Debug|Any CPU = Debug|Any CPU
		Release|Any CPU = Release|Any CPU
	EndGlobalSection
	GlobalSection(ProjectConfigurationPlatforms) = postSolution
		{BF6D5014-C6B5-4CE3-B9DE-935FA4068113}.Debug|Any CPU.ActiveCfg = Debug|Any CPU
		{BF6D5014-C6B5-4CE3-B9DE-935FA4068113}.Debug|Any CPU.Build.0 = Debug|Any CPU
		{BF6D5014-C6B5-4CE3-B9DE-935FA4068113}.Release|Any CPU.ActiveCfg = Release|Any CPU
		{BF6D5014-C6B5-4CE3-B9DE-935FA4068113}.Release|Any CPU.Build.0 = Release|Any CPU
		{65BCAB07-BFDD-4250-BBCC-AC4F22A7071A}.Debug|Any CPU.ActiveCfg = Debug|Any CPU
		{65BCAB07-BFDD-4250-BBCC-AC4F22A7071A}.Debug|Any CPU.Build.0 = Debug|Any CPU
		{65BCAB07-BFDD-4250-BBCC-AC4F22A7071A}.Release|Any CPU.ActiveCfg = Release|Any CPU
		{65BCAB07-BFDD-4250-BBCC-AC4F22A7071A}.Release|Any CPU.Build.0 = Release|Any CPU
		{67C43283-F8DA-4BC1-B83E-A2A16C8B5663}.Debug|Any CPU.ActiveCfg = Debug|Any CPU
		{67C43283-F8DA-4BC1-B83E-A2A16C8B5663}.Debug|Any CPU.Build.0 = Debug|Any CPU
		{67C43283-F8DA-4BC1-B83E-A2A16C8B5663}.Release|Any CPU.ActiveCfg = Release|Any CPU
		{67C43283-F8DA-4BC1-B83E-A2A16C8B5663}.Release|Any CPU.Build.0 = Release|Any CPU
	EndGlobalSection
EndGlobal
